// !$*UTF8*$!
{
	archiveVersion = 1;
	classes = {
	};
	objectVersion = 48;
	objects = {

/* Begin PBXBuildFile section */
		ECD3D5651FE3F5CE005F3335 /* AppDelegate.swift in Sources */ = {isa = PBXBuildFile; fileRef = ECD3D5641FE3F5CE005F3335 /* AppDelegate.swift */; };
		ECD3D5671FE3F5CE005F3335 /* ViewController.swift in Sources */ = {isa = PBXBuildFile; fileRef = ECD3D5661FE3F5CE005F3335 /* ViewController.swift */; };
		ECD3D56A1FE3F5CE005F3335 /* Main.storyboard in Resources */ = {isa = PBXBuildFile; fileRef = ECD3D5681FE3F5CE005F3335 /* Main.storyboard */; };
		ECD3D56C1FE3F5CE005F3335 /* Assets.xcassets in Resources */ = {isa = PBXBuildFile; fileRef = ECD3D56B1FE3F5CE005F3335 /* Assets.xcassets */; };
		ECD3D56F1FE3F5CE005F3335 /* LaunchScreen.storyboard in Resources */ = {isa = PBXBuildFile; fileRef = ECD3D56D1FE3F5CE005F3335 /* LaunchScreen.storyboard */; };
/* End PBXBuildFile section */

/* Begin PBXFileReference section */
		ECD3D5611FE3F5CE005F3335 /* urlsessiondemo.app */ = {isa = PBXFileReference; explicitFileType = wrapper.application; includeInIndex = 0; path = urlsessiondemo.app; sourceTree = BUILT_PRODUCTS_DIR; };
		ECD3D5641FE3F5CE005F3335 /* AppDelegate.swift */ = {isa = PBXFileReference; lastKnownFileType = sourcecode.swift; path = AppDelegate.swift; sourceTree = "<group>"; };
		ECD3D5661FE3F5CE005F3335 /* ViewController.swift */ = {isa = PBXFileReference; lastKnownFileType = sourcecode.swift; path = ViewController.swift; sourceTree = "<group>"; };
		ECD3D5691FE3F5CE005F3335 /* Base */ = {isa = PBXFileReference; lastKnownFileType = file.storyboard; name = Base; path = Base.lproj/Main.storyboard; sourceTree = "<group>"; };
		ECD3D56B1FE3F5CE005F3335 /* Assets.xcassets */ = {isa = PBXFileReference; lastKnownFileType = folder.assetcatalog; path = Assets.xcassets; sourceTree = "<group>"; };
		ECD3D56E1FE3F5CE005F3335 /* Base */ = {isa = PBXFileReference; lastKnownFileType = file.storyboard; name = Base; path = Base.lproj/LaunchScreen.storyboard; sourceTree = "<group>"; };
		ECD3D5701FE3F5CE005F3335 /* Info.plist */ = {isa = PBXFileReference; lastKnownFileType = text.plist.xml; path = Info.plist; sourceTree = "<group>"; };
/* End PBXFileReference section */

/* Begin PBXFrameworksBuildPhase section */
		ECD3D55E1FE3F5CE005F3335 /* Frameworks */ = {
			isa = PBXFrameworksBuildPhase;
			buildActionMask = 2147483647;
			files = (
			);
			runOnlyForDeploymentPostprocessing = 0;
		};
/* End PBXFrameworksBuildPhase section */

/* Begin PBXGroup section */
		ECD3D5581FE3F5CE005F3335 = {
			isa = PBXGroup;
			children = (
				ECD3D5631FE3F5CE005F3335 /* urlsessiondemo */,
				ECD3D5621FE3F5CE005F3335 /* Products */,
			);
			sourceTree = "<group>";
		};
		ECD3D5621FE3F5CE005F3335 /* Products */ = {
			isa = PBXGroup;
			children = (
				ECD3D5611FE3F5CE005F3335 /* urlsessiondemo.app */,
			);
			name = Products;
			sourceTree = "<group>";
		};
		ECD3D5631FE3F5CE005F3335 /* urlsessiondemo */ = {
			isa = PBXGroup;
			children = (
				ECD3D5641FE3F5CE005F3335 /* AppDelegate.swift */,
				ECD3D5661FE3F5CE005F3335 /* ViewController.swift */,
				ECD3D5681FE3F5CE005F3335 /* Main.storyboard */,
				ECD3D56B1FE3F5CE005F3335 /* Assets.xcassets */,
				ECD3D56D1FE3F5CE005F3335 /* LaunchScreen.storyboard */,
				ECD3D5701FE3F5CE005F3335 /* Info.plist */,
			);
			path = urlsessiondemo;
			sourceTree = "<group>";
		};
/* End PBXGroup section */

/* Begin PBXNativeTarget section */
		ECD3D5601FE3F5CE005F3335 /* urlsessiondemo */ = {
			isa = PBXNativeTarget;
			buildConfigurationList = ECD3D5731FE3F5CE005F3335 /* Build configuration list for PBXNativeTarget "urlsessiondemo" */;
			buildPhases = (
				ECD3D55D1FE3F5CE005F3335 /* Sources */,
				ECD3D55E1FE3F5CE005F3335 /* Frameworks */,
				ECD3D55F1FE3F5CE005F3335 /* Resources */,
			);
			buildRules = (
			);
			dependencies = (
			);
			name = urlsessiondemo;
			productName = urlsessiondemo;
			productReference = ECD3D5611FE3F5CE005F3335 /* urlsessiondemo.app */;
			productType = "com.apple.product-type.application";
		};
/* End PBXNativeTarget section */

/* Begin PBXProject section */
		ECD3D5591FE3F5CE005F3335 /* Project object */ = {
			isa = PBXProject;
			attributes = {
				LastSwiftUpdateCheck = 0900;
				LastUpgradeCheck = 0900;
				ORGANIZATIONNAME = KSHRD;
				TargetAttributes = {
					ECD3D5601FE3F5CE005F3335 = {
						CreatedOnToolsVersion = 9.0;
						ProvisioningStyle = Automatic;
					};
				};
			};
			buildConfigurationList = ECD3D55C1FE3F5CE005F3335 /* Build configuration list for PBXProject "urlsessiondemo" */;
			compatibilityVersion = "Xcode 8.0";
			developmentRegion = en;
			hasScannedForEncodings = 0;
			knownRegions = (
				en,
				Base,
			);
			mainGroup = ECD3D5581FE3F5CE005F3335;
			productRefGroup = ECD3D5621FE3F5CE005F3335 /* Products */;
			projectDirPath = "";
			projectRoot = "";
			targets = (
				ECD3D5601FE3F5CE005F3335 /* urlsessiondemo */,
			);
		};
/* End PBXProject section */

/* Begin PBXResourcesBuildPhase section */
		ECD3D55F1FE3F5CE005F3335 /* Resources */ = {
			isa = PBXResourcesBuildPhase;
			buildActionMask = 2147483647;
			files = (
				ECD3D56F1FE3F5CE005F3335 /* LaunchScreen.storyboard in Resources */,
				ECD3D56C1FE3F5CE005F3335 /* Assets.xcassets in Resources */,
				ECD3D56A1FE3F5CE005F3335 /* Main.storyboard in Resources */,
			);
			runOnlyForDeploymentPostprocessing = 0;
		};
/* End PBXResourcesBuildPhase section */

/* Begin PBXSourcesBuildPhase section */
		ECD3D55D1FE3F5CE005F3335 /* Sources */ = {
			isa = PBXSourcesBuildPhase;
			buildActionMask = 2147483647;
			files = (
				ECD3D5671FE3F5CE005F3335 /* ViewController.swift in Sources */,
				ECD3D5651FE3F5CE005F3335 /* AppDelegate.swift in Sources */,
			);
			runOnlyForDeploymentPostprocessing = 0;
		};
/* End PBXSourcesBuildPhase section */

/* Begin PBXVariantGroup section */
		ECD3D5681FE3F5CE005F3335 /* Main.storyboard */ = {
			isa = PBXVariantGroup;
			children = (
				ECD3D5691FE3F5CE005F3335 /* Base */,
			);
			name = Main.storyboard;
			sourceTree = "<group>";
		};
		ECD3D56D1FE3F5CE005F3335 /* LaunchScreen.storyboard */ = {
			isa = PBXVariantGroup;
			children = (
				ECD3D56E1FE3F5CE005F3335 /* Base */,
			);
			name = LaunchScreen.storyboard;
			sourceTree = "<group>";
		};
/* End PBXVariantGroup section */

/* Begin XCBuildConfiguration section */
		ECD3D5711FE3F5CE005F3335 /* Debug */ = {
			isa = XCBuildConfiguration;
			buildSettings = {
				ALWAYS_SEARCH_USER_PATHS = NO;
				CLANG_ANALYZER_NONNULL = YES;
				CLANG_ANALYZER_NUMBER_OBJECT_CONVERSION = YES_AGGRESSIVE;
				CLANG_CXX_LANGUAGE_STANDARD = "gnu++14";
				CLANG_CXX_LIBRARY = "libc++";
				CLANG_ENABLE_MODULES = YES;
				CLANG_ENABLE_OBJC_ARC = YES;
				CLANG_WARN_BLOCK_CAPTURE_AUTORELEASING = YES;
				CLANG_WARN_BOOL_CONVERSION = YES;
				CLANG_WARN_COMMA = YES;
				CLANG_WARN_CONSTANT_CONVERSION = YES;
				CLANG_WARN_DIRECT_OBJC_ISA_USAGE = YES_ERROR;
				CLANG_WARN_DOCUMENTATION_COMMENTS = YES;
				CLANG_WARN_EMPTY_BODY = YES;
				CLANG_WARN_ENUM_CONVERSION = YES;
				CLANG_WARN_INFINITE_RECURSION = YES;
				CLANG_WARN_INT_CONVERSION = YES;
				CLANG_WARN_NON_LITERAL_NULL_CONVERSION = YES;
				CLANG_WARN_OBJC_LITERAL_CONVERSION = YES;
				CLANG_WARN_OBJC_ROOT_CLASS = YES_ERROR;
				CLANG_WARN_RANGE_LOOP_ANALYSIS = YES;
				CLANG_WARN_STRICT_PROTOTYPES = YES;
				CLANG_WARN_SUSPICIOUS_MOVE = YES;
				CLANG_WARN_UNGUARDED_AVAILABILITY = YES_AGGRESSIVE;
				CLANG_WARN_UNREACHABLE_CODE = YES;
				CLANG_WARN__DUPLICATE_METHOD_MATCH = YES;
				CODE_SIGN_IDENTITY = "iPhone Developer";
				COPY_PHASE_STRIP = NO;
				DEBUG_INFORMATION_FORMAT = dwarf;
				ENABLE_STRICT_OBJC_MSGSEND = YES;
				ENABLE_TESTABILITY = YES;
				GCC_C_LANGUAGE_STANDARD = gnu11;
				GCC_DYNAMIC_NO_PIC = NO;
				GCC_NO_COMMON_BLOCKS = YES;
				GCC_OPTIMIZATION_LEVEL = 0;
				GCC_PREPROCESSOR_DEFINITIONS = (
					"DEBUG=1",
					"$(inherited)",
				);
				GCC_WARN_64_TO_32_BIT_CONVERSION = YES;
				GCC_WARN_ABOUT_RETURN_TYPE = YES_ERROR;
				GCC_WARN_UNDECLARED_SELECTOR = YES;
				GCC_WARN_UNINITIALIZED_AUTOS = YES_AGGRESSIVE;
				GCC_WARN_UNUSED_FUNCTION = YES;
				GCC_WARN_UNUSED_VARIABLE = YES;
				IPHONEOS_DEPLOYMENT_TARGET = 11.0;
				MTL_ENABLE_DEBUG_INFO = YES;
				ONLY_ACTIVE_ARCH = YES;
				SDKROOT = iphoneos;
				SWIFT_ACTIVE_COMPILATION_CONDITIONS = DEBUG;
				SWIFT_OPTIMIZATION_LEVEL = "-Onone";
			};
			name = Debug;
		};
		ECD3D5721FE3F5CE005F3335 /* Release */ = {
			isa = XCBuildConfiguration;
			buildSettings = {
				ALWAYS_SEARCH_USER_PATHS = NO;
				CLANG_ANALYZER_NONNULL = YES;
				CLANG_ANALYZER_NUMBER_OBJECT_CONVERSION = YES_AGGRESSIVE;
				CLANG_CXX_LANGUAGE_STANDARD = "gnu++14";
				CLANG_CXX_LIBRARY = "libc++";
				CLANG_ENABLE_MODULES = YES;
				CLANG_ENABLE_OBJC_ARC = YES;
				CLANG_WARN_BLOCK_CAPTURE_AUTORELEASING = YES;
				CLANG_WARN_BOOL_CONVERSION = YES;
				CLANG_WARN_COMMA = YES;
				CLANG_WARN_CONSTANT_CONVERSION = YES;
				CLANG_WARN_DIRECT_OBJC_ISA_USAGE = YES_ERROR;
				CLANG_WARN_DOCUMENTATION_COMMENTS = YES;
				CLANG_WARN_EMPTY_BODY = YES;
				CLANG_WARN_ENUM_CONVERSION = YES;
				CLANG_WARN_INFINITE_RECURSION = YES;
				CLANG_WARN_INT_CONVERSION = YES;
				CLANG_WARN_NON_LITERAL_NULL_CONVERSION = YES;
				CLANG_WARN_OBJC_LITERAL_CONVERSION = YES;
				CLANG_WARN_OBJC_ROOT_CLASS = YES_ERROR;
				CLANG_WARN_RANGE_LOOP_ANALYSIS = YES;
				CLANG_WARN_STRICT_PROTOTYPES = YES;
				CLANG_WARN_SUSPICIOUS_MOVE = YES;
				CLANG_WARN_UNGUARDED_AVAILABILITY = YES_AGGRESSIVE;
				CLANG_WARN_UNREACHABLE_CODE = YES;
				CLANG_WARN__DUPLICATE_METHOD_MATCH = YES;
				CODE_SIGN_IDENTITY = "iPhone Developer";
				COPY_PHASE_STRIP = NO;
				DEBUG_INFORMATION_FORMAT = "dwarf-with-dsym";
				ENABLE_NS_ASSERTIONS = NO;
				ENABLE_STRICT_OBJC_MSGSEND = YES;
				GCC_C_LANGUAGE_STANDARD = gnu11;
				GCC_NO_COMMON_BLOCKS = YES;
				GCC_WARN_64_TO_32_BIT_CONVERSION = YES;
				GCC_WARN_ABOUT_RETURN_TYPE = YES_ERROR;
				GCC_WARN_UNDECLARED_SELECTOR = YES;
				GCC_WARN_UNINITIALIZED_AUTOS = YES_AGGRESSIVE;
				GCC_WARN_UNUSED_FUNCTION = YES;
				GCC_WARN_UNUSED_VARIABLE = YES;
				IPHONEOS_DEPLOYMENT_TARGET = 11.0;
				MTL_ENABLE_DEBUG_INFO = NO;
				SDKROOT = iphoneos;
				SWIFT_OPTIMIZATION_LEVEL = "-Owholemodule";
				VALIDATE_PRODUCT = YES;
			};
			name = Release;
		};
		ECD3D5741FE3F5CE005F3335 /* Debug */ = {
			isa = XCBuildConfiguration;
			buildSettings = {
				ASSETCATALOG_COMPILER_APPICON_NAME = AppIcon;
				CODE_SIGN_STYLE = Automatic;
				INFOPLIST_FILE = urlsessiondemo/Info.plist;
				LD_RUNPATH_SEARCH_PATHS = "$(inherited) @executable_path/Frameworks";
				PRODUCT_BUNDLE_IDENTIFIER = kshrd.urlsessiondemo;
				PRODUCT_NAME = "$(TARGET_NAME)";
				SWIFT_VERSION = 4.0;
				TARGETED_DEVICE_FAMILY = "1,2";
			};
			name = Debug;
		};
		ECD3D5751FE3F5CE005F3335 /* Release */ = {
			isa = XCBuildConfiguration;
			buildSettings = {
				ASSETCATALOG_COMPILER_APPICON_NAME = AppIcon;
				CODE_SIGN_STYLE = Automatic;
				INFOPLIST_FILE = urlsessiondemo/Info.plist;
				LD_RUNPATH_SEARCH_PATHS = "$(inherited) @executable_path/Frameworks";
				PRODUCT_BUNDLE_IDENTIFIER = kshrd.urlsessiondemo;
				PRODUCT_NAME = "$(TARGET_NAME)";
				SWIFT_VERSION = 4.0;
				TARGETED_DEVICE_FAMILY = "1,2";
			};
			name = Release;
		};
/* End XCBuildConfiguration section */

/* Begin XCConfigurationList section */
		ECD3D55C1FE3F5CE005F3335 /* Build configuration list for PBXProject "urlsessiondemo" */ = {
			isa = XCConfigurationList;
			buildConfigurations = (
				ECD3D5711FE3F5CE005F3335 /* Debug */,
				ECD3D5721FE3F5CE005F3335 /* Release */,
			);
			defaultConfigurationIsVisible = 0;
			defaultConfigurationName = Release;
		};
		ECD3D5731FE3F5CE005F3335 /* Build configuration list for PBXNativeTarget "urlsessiondemo" */ = {
			isa = XCConfigurationList;
			buildConfigurations = (
				ECD3D5741FE3F5CE005F3335 /* Debug */,
				ECD3D5751FE3F5CE005F3335 /* Release */,
			);
			defaultConfigurationIsVisible = 0;
			defaultConfigurationName = Release;
		};
/* End XCConfigurationList section */
	};
	rootObject = ECD3D5591FE3F5CE005F3335 /* Project object */;
}
